
Microsoft Visual Studio Solution File, Format Version 12.00
# Visual Studio Version 17
VisualStudioVersion = 17.5.002.0
MinimumVisualStudioVersion = 10.0.40219.1
Project("{9A19103F-16F7-4668-BE54-9A1E7A4F7556}") = "InterfaceUsuarioSAPUI5", "InterfaceUsuarioSAPUI5.csproj", "{D6EA568E-969D-4DE2-97D7-82BE0755971B}"
EndProject
Global
	GlobalSection(SolutionConfigurationPlatforms) = preSolution
		Debug|Any CPU = Debug|Any CPU
		Release|Any CPU = Release|Any CPU
	EndGlobalSection
	GlobalSection(ProjectConfigurationPlatforms) = postSolution
		{D6EA568E-969D-4DE2-97D7-82BE0755971B}.Debug|Any CPU.ActiveCfg = Debug|Any CPU
		{D6EA568E-969D-4DE2-97D7-82BE0755971B}.Debug|Any CPU.Build.0 = Debug|Any CPU
		{D6EA568E-969D-4DE2-97D7-82BE0755971B}.Release|Any CPU.ActiveCfg = Release|Any CPU
		{D6EA568E-969D-4DE2-97D7-82BE0755971B}.Release|Any CPU.Build.0 = Release|Any CPU
	EndGlobalSection
	GlobalSection(SolutionProperties) = preSolution
		HideSolutionNode = FALSE
	EndGlobalSection
	GlobalSection(ExtensibilityGlobals) = postSolution
		SolutionGuid = {236B6866-3610-4F1B-9943-048D0546EA0F}
	EndGlobalSection
EndGlobal
